# This file is automatically @generated by Cargo.
# It is not intended for manual editing.
version = 4

[[package]]
name = "kasane-cli"
version = "0.1.0"
dependencies = [
 "kasane-ffi",
]

[[package]]
name = "kasane-daemon"
version = "0.1.0"

[[package]]
name = "kasane-e2e"
version = "0.1.0"
dependencies = [
 "kasane-cli",
]

[[package]]
name = "kasane-ffi"
version = "0.1.0"

[[package]]
name = "kasane-research-shell"
version = "0.1.0"
